
Microsoft Visual Studio Solution File, Format Version 12.00
# Visual Studio Version 17
VisualStudioVersion = 17.4.33110.190
MinimumVisualStudioVersion = 10.0.40219.1
Project("{9A19103F-16F7-4668-BE54-9A1E7A4F7556}") = "PoolCalculator", "PoolCalculator\PoolCalculator.csproj", "{194A571A-FF12-4F26-B33B-9398E4242625}"
EndProject
Global
	GlobalSection(SolutionConfigurationPlatforms) = preSolution
		Debug|Any CPU = Debug|Any CPU
		Release|Any CPU = Release|Any CPU
	EndGlobalSection
	GlobalSection(ProjectConfigurationPlatforms) = postSolution
		{194A571A-FF12-4F26-B33B-9398E4242625}.Debug|Any CPU.ActiveCfg = Release|Any CPU
		{194A571A-FF12-4F26-B33B-9398E4242625}.Debug|Any CPU.Build.0 = Release|Any CPU
		{194A571A-FF12-4F26-B33B-9398E4242625}.Release|Any CPU.ActiveCfg = Release|Any CPU
		{194A571A-FF12-4F26-B33B-9398E4242625}.Release|Any CPU.Build.0 = Release|Any CPU
	EndGlobalSection
	GlobalSection(SolutionProperties) = preSolution
		HideSolutionNode = FALSE
	EndGlobalSection
	GlobalSection(ExtensibilityGlobals) = postSolution
		SolutionGuid = {92ECC203-FB15-414B-AA25-A5E5B1AAD717}
	EndGlobalSection
EndGlobal
